// !$*UTF8*$!
{
	archiveVersion = 1;
	classes = {
	};
	objectVersion = 50;
	objects = {

/* Begin PBXBuildFile section */
		EA1685E8212EA5F0002FC8A4 /* UIViewControllerExtension.swift in Sources */ = {isa = PBXBuildFile; fileRef = EA1685E7212EA5F0002FC8A4 /* UIViewControllerExtension.swift */; };
		EA1685EC212EC669002FC8A4 /* DataModel.xcdatamodeld in Sources */ = {isa = PBXBuildFile; fileRef = EA1685EA212EC669002FC8A4 /* DataModel.xcdatamodeld */; };
		EA1685EE212ED828002FC8A4 /* CoreDataStack.swift in Sources */ = {isa = PBXBuildFile; fileRef = EA1685ED212ED828002FC8A4 /* CoreDataStack.swift */; };
		EA1685F2212EEEAB002FC8A4 /* NotificationName.swift in Sources */ = {isa = PBXBuildFile; fileRef = EA1685F1212EEEAB002FC8A4 /* NotificationName.swift */; };
		EA1D5326212C581C001BEB88 /* ApixuConvenience.swift in Sources */ = {isa = PBXBuildFile; fileRef = EA1D5325212C581C001BEB88 /* ApixuConvenience.swift */; };
		EA971C5B212D3A24004CC8BC /* ApixuClient.swift in Sources */ = {isa = PBXBuildFile; fileRef = EACF8EE9212C2D2C003AEF61 /* ApixuClient.swift */; };
		EA971C5D212D5E7B004CC8BC /* CurrentDay.swift in Sources */ = {isa = PBXBuildFile; fileRef = EA971C5C212D5E7B004CC8BC /* CurrentDay.swift */; };
		EA971C5F212D9389004CC8BC /* LocationsStoredViewController.swift in Sources */ = {isa = PBXBuildFile; fileRef = EA971C5E212D9389004CC8BC /* LocationsStoredViewController.swift */; };
		EA971C61212D9851004CC8BC /* SearchAddLocationViewController.swift in Sources */ = {isa = PBXBuildFile; fileRef = EA971C60212D9851004CC8BC /* SearchAddLocationViewController.swift */; };
		EA971C63212DA15E004CC8BC /* Location.swift in Sources */ = {isa = PBXBuildFile; fileRef = EA971C62212DA15E004CC8BC /* Location.swift */; };
		EACF8ED3212C2AB3003AEF61 /* AppDelegate.swift in Sources */ = {isa = PBXBuildFile; fileRef = EACF8ED2212C2AB3003AEF61 /* AppDelegate.swift */; };
		EACF8ED5212C2AB3003AEF61 /* ViewController.swift in Sources */ = {isa = PBXBuildFile; fileRef = EACF8ED4212C2AB3003AEF61 /* ViewController.swift */; };
		EACF8ED8212C2AB3003AEF61 /* Main.storyboard in Resources */ = {isa = PBXBuildFile; fileRef = EACF8ED6212C2AB3003AEF61 /* Main.storyboard */; };
		EACF8EDA212C2AB4003AEF61 /* Assets.xcassets in Resources */ = {isa = PBXBuildFile; fileRef = EACF8ED9212C2AB4003AEF61 /* Assets.xcassets */; };
		EACF8EDD212C2AB4003AEF61 /* LaunchScreen.storyboard in Resources */ = {isa = PBXBuildFile; fileRef = EACF8EDB212C2AB4003AEF61 /* LaunchScreen.storyboard */; };
		EACF8EEC212C2D4D003AEF61 /* Constants.swift in Sources */ = {isa = PBXBuildFile; fileRef = EACF8EEB212C2D4D003AEF61 /* Constants.swift */; };
/* End PBXBuildFile section */

/* Begin PBXFileReference section */
		EA1685E7212EA5F0002FC8A4 /* UIViewControllerExtension.swift */ = {isa = PBXFileReference; lastKnownFileType = sourcecode.swift; path = UIViewControllerExtension.swift; sourceTree = "<group>"; };
		EA1685EB212EC669002FC8A4 /* DataModel.xcdatamodel */ = {isa = PBXFileReference; lastKnownFileType = wrapper.xcdatamodel; path = DataModel.xcdatamodel; sourceTree = "<group>"; };
		EA1685ED212ED828002FC8A4 /* CoreDataStack.swift */ = {isa = PBXFileReference; lastKnownFileType = sourcecode.swift; path = CoreDataStack.swift; sourceTree = "<group>"; };
		EA1685F1212EEEAB002FC8A4 /* NotificationName.swift */ = {isa = PBXFileReference; lastKnownFileType = sourcecode.swift; path = NotificationName.swift; sourceTree = "<group>"; };
		EA1D5325212C581C001BEB88 /* ApixuConvenience.swift */ = {isa = PBXFileReference; lastKnownFileType = sourcecode.swift; path = ApixuConvenience.swift; sourceTree = "<group>"; };
		EA3E078B212FEE7D008D06E3 /* DataModel2.xcdatamodel */ = {isa = PBXFileReference; lastKnownFileType = wrapper.xcdatamodel; path = DataModel2.xcdatamodel; sourceTree = "<group>"; };
		EA971C5C212D5E7B004CC8BC /* CurrentDay.swift */ = {isa = PBXFileReference; lastKnownFileType = sourcecode.swift; path = CurrentDay.swift; sourceTree = "<group>"; };
		EA971C5E212D9389004CC8BC /* LocationsStoredViewController.swift */ = {isa = PBXFileReference; lastKnownFileType = sourcecode.swift; path = LocationsStoredViewController.swift; sourceTree = "<group>"; };
		EA971C60212D9851004CC8BC /* SearchAddLocationViewController.swift */ = {isa = PBXFileReference; lastKnownFileType = sourcecode.swift; path = SearchAddLocationViewController.swift; sourceTree = "<group>"; };
		EA971C62212DA15E004CC8BC /* Location.swift */ = {isa = PBXFileReference; lastKnownFileType = sourcecode.swift; path = Location.swift; sourceTree = "<group>"; };
		EACF8ECF212C2AB3003AEF61 /* weatherApp.app */ = {isa = PBXFileReference; explicitFileType = wrapper.application; includeInIndex = 0; path = weatherApp.app; sourceTree = BUILT_PRODUCTS_DIR; };
		EACF8ED2212C2AB3003AEF61 /* AppDelegate.swift */ = {isa = PBXFileReference; lastKnownFileType = sourcecode.swift; path = AppDelegate.swift; sourceTree = "<group>"; };
		EACF8ED4212C2AB3003AEF61 /* ViewController.swift */ = {isa = PBXFileReference; lastKnownFileType = sourcecode.swift; path = ViewController.swift; sourceTree = "<group>"; };
		EACF8ED7212C2AB3003AEF61 /* Base */ = {isa = PBXFileReference; lastKnownFileType = file.storyboard; name = Base; path = Base.lproj/Main.storyboard; sourceTree = "<group>"; };
		EACF8ED9212C2AB4003AEF61 /* Assets.xcassets */ = {isa = PBXFileReference; lastKnownFileType = folder.assetcatalog; path = Assets.xcassets; sourceTree = "<group>"; };
		EACF8EDC212C2AB4003AEF61 /* Base */ = {isa = PBXFileReference; lastKnownFileType = file.storyboard; name = Base; path = Base.lproj/LaunchScreen.storyboard; sourceTree = "<group>"; };
		EACF8EDE212C2AB4003AEF61 /* Info.plist */ = {isa = PBXFileReference; lastKnownFileType = text.plist.xml; path = Info.plist; sourceTree = "<group>"; };
		EACF8EE9212C2D2C003AEF61 /* ApixuClient.swift */ = {isa = PBXFileReference; lastKnownFileType = sourcecode.swift; path = ApixuClient.swift; sourceTree = "<group>"; };
		EACF8EEB212C2D4D003AEF61 /* Constants.swift */ = {isa = PBXFileReference; lastKnownFileType = sourcecode.swift; path = Constants.swift; sourceTree = "<group>"; };
/* End PBXFileReference section */

/* Begin PBXFrameworksBuildPhase section */
		EACF8ECC212C2AB3003AEF61 /* Frameworks */ = {
			isa = PBXFrameworksBuildPhase;
			buildActionMask = 2147483647;
			files = (
			);
			runOnlyForDeploymentPostprocessing = 0;
		};
/* End PBXFrameworksBuildPhase section */

/* Begin PBXGroup section */
		EA1685E6212EA5D5002FC8A4 /* Extensions */ = {
			isa = PBXGroup;
			children = (
				EA1685E7212EA5F0002FC8A4 /* UIViewControllerExtension.swift */,
			);
			path = Extensions;
			sourceTree = "<group>";
		};
		EA1685E9212EC651002FC8A4 /* CoreData */ = {
			isa = PBXGroup;
			children = (
				EA1685EA212EC669002FC8A4 /* DataModel.xcdatamodeld */,
				EA1685ED212ED828002FC8A4 /* CoreDataStack.swift */,
			);
			path = CoreData;
			sourceTree = "<group>";
		};
		EACF8EC6212C2AB3003AEF61 = {
			isa = PBXGroup;
			children = (
				EACF8ED1212C2AB3003AEF61 /* weatherApp */,
				EACF8ED0212C2AB3003AEF61 /* Products */,
			);
			sourceTree = "<group>";
		};
		EACF8ED0212C2AB3003AEF61 /* Products */ = {
			isa = PBXGroup;
			children = (
				EACF8ECF212C2AB3003AEF61 /* weatherApp.app */,
			);
			name = Products;
			sourceTree = "<group>";
		};
		EACF8ED1212C2AB3003AEF61 /* weatherApp */ = {
			isa = PBXGroup;
			children = (
				EACF8ED2212C2AB3003AEF61 /* AppDelegate.swift */,
				EA1685F1212EEEAB002FC8A4 /* NotificationName.swift */,
				EACF8EE4212C2AE1003AEF61 /* Network */,
				EACF8EE5212C2AF4003AEF61 /* Model */,
				EACF8EE6212C2B02003AEF61 /* View */,
				EACF8EE7212C2B0F003AEF61 /* Controller */,
				EA1685E6212EA5D5002FC8A4 /* Extensions */,
				EACF8EE8212C2B1D003AEF61 /* Storyboards */,
				EACF8ED9212C2AB4003AEF61 /* Assets.xcassets */,
				EACF8EDB212C2AB4003AEF61 /* LaunchScreen.storyboard */,
				EACF8EDE212C2AB4003AEF61 /* Info.plist */,
			);
			path = weatherApp;
			sourceTree = "<group>";
		};
		EACF8EE4212C2AE1003AEF61 /* Network */ = {
			isa = PBXGroup;
			children = (
				EA1D5325212C581C001BEB88 /* ApixuConvenience.swift */,
				EACF8EE9212C2D2C003AEF61 /* ApixuClient.swift */,
				EACF8EEB212C2D4D003AEF61 /* Constants.swift */,
			);
			path = Network;
			sourceTree = "<group>";
		};
		EACF8EE5212C2AF4003AEF61 /* Model */ = {
			isa = PBXGroup;
			children = (
				EA971C5C212D5E7B004CC8BC /* CurrentDay.swift */,
				EA971C62212DA15E004CC8BC /* Location.swift */,
				EA1685E9212EC651002FC8A4 /* CoreData */,
			);
			path = Model;
			sourceTree = "<group>";
		};
		EACF8EE6212C2B02003AEF61 /* View */ = {
			isa = PBXGroup;
			children = (
			);
			path = View;
			sourceTree = "<group>";
		};
		EACF8EE7212C2B0F003AEF61 /* Controller */ = {
			isa = PBXGroup;
			children = (
				EACF8ED4212C2AB3003AEF61 /* ViewController.swift */,
				EA971C5E212D9389004CC8BC /* LocationsStoredViewController.swift */,
				EA971C60212D9851004CC8BC /* SearchAddLocationViewController.swift */,
			);
			path = Controller;
			sourceTree = "<group>";
		};
		EACF8EE8212C2B1D003AEF61 /* Storyboards */ = {
			isa = PBXGroup;
			children = (
				EACF8ED6212C2AB3003AEF61 /* Main.storyboard */,
			);
			path = Storyboards;
			sourceTree = "<group>";
		};
/* End PBXGroup section */

/* Begin PBXNativeTarget section */
		EACF8ECE212C2AB3003AEF61 /* weatherApp */ = {
			isa = PBXNativeTarget;
			buildConfigurationList = EACF8EE1212C2AB4003AEF61 /* Build configuration list for PBXNativeTarget "weatherApp" */;
			buildPhases = (
				EACF8ECB212C2AB3003AEF61 /* Sources */,
				EACF8ECC212C2AB3003AEF61 /* Frameworks */,
				EACF8ECD212C2AB3003AEF61 /* Resources */,
			);
			buildRules = (
			);
			dependencies = (
			);
			name = weatherApp;
			productName = weatherApp;
			productReference = EACF8ECF212C2AB3003AEF61 /* weatherApp.app */;
			productType = "com.apple.product-type.application";
		};
/* End PBXNativeTarget section */

/* Begin PBXProject section */
		EACF8EC7212C2AB3003AEF61 /* Project object */ = {
			isa = PBXProject;
			attributes = {
				LastSwiftUpdateCheck = 0940;
				LastUpgradeCheck = 0940;
				ORGANIZATIONNAME = "PS Shortcut";
				TargetAttributes = {
					EACF8ECE212C2AB3003AEF61 = {
						CreatedOnToolsVersion = 9.4.1;
					};
				};
			};
			buildConfigurationList = EACF8ECA212C2AB3003AEF61 /* Build configuration list for PBXProject "weatherApp" */;
			compatibilityVersion = "Xcode 9.3";
			developmentRegion = en;
			hasScannedForEncodings = 0;
			knownRegions = (
				en,
				Base,
			);
			mainGroup = EACF8EC6212C2AB3003AEF61;
			productRefGroup = EACF8ED0212C2AB3003AEF61 /* Products */;
			projectDirPath = "";
			projectRoot = "";
			targets = (
				EACF8ECE212C2AB3003AEF61 /* weatherApp */,
			);
		};
/* End PBXProject section */

/* Begin PBXResourcesBuildPhase section */
		EACF8ECD212C2AB3003AEF61 /* Resources */ = {
			isa = PBXResourcesBuildPhase;
			buildActionMask = 2147483647;
			files = (
				EACF8EDD212C2AB4003AEF61 /* LaunchScreen.storyboard in Resources */,
				EACF8EDA212C2AB4003AEF61 /* Assets.xcassets in Resources */,
				EACF8ED8212C2AB3003AEF61 /* Main.storyboard in Resources */,
			);
			runOnlyForDeploymentPostprocessing = 0;
		};
/* End PBXResourcesBuildPhase section */

/* Begin PBXSourcesBuildPhase section */
		EACF8ECB212C2AB3003AEF61 /* Sources */ = {
			isa = PBXSourcesBuildPhase;
			buildActionMask = 2147483647;
			files = (
				EA1685EC212EC669002FC8A4 /* DataModel.xcdatamodeld in Sources */,
				EA971C5D212D5E7B004CC8BC /* CurrentDay.swift in Sources */,
				EA1D5326212C581C001BEB88 /* ApixuConvenience.swift in Sources */,
				EA1685EE212ED828002FC8A4 /* CoreDataStack.swift in Sources */,
				EA1685E8212EA5F0002FC8A4 /* UIViewControllerExtension.swift in Sources */,
				EACF8ED5212C2AB3003AEF61 /* ViewController.swift in Sources */,
				EA971C5B212D3A24004CC8BC /* ApixuClient.swift in Sources */,
				EA971C63212DA15E004CC8BC /* Location.swift in Sources */,
				EA971C5F212D9389004CC8BC /* LocationsStoredViewController.swift in Sources */,
				EA1685F2212EEEAB002FC8A4 /* NotificationName.swift in Sources */,
				EACF8ED3212C2AB3003AEF61 /* AppDelegate.swift in Sources */,
				EACF8EEC212C2D4D003AEF61 /* Constants.swift in Sources */,
				EA971C61212D9851004CC8BC /* SearchAddLocationViewController.swift in Sources */,
			);
			runOnlyForDeploymentPostprocessing = 0;
		};
/* End PBXSourcesBuildPhase section */

/* Begin PBXVariantGroup section */
		EACF8ED6212C2AB3003AEF61 /* Main.storyboard */ = {
			isa = PBXVariantGroup;
			children = (
				EACF8ED7212C2AB3003AEF61 /* Base */,
			);
			name = Main.storyboard;
			sourceTree = "<group>";
		};
		EACF8EDB212C2AB4003AEF61 /* LaunchScreen.storyboard */ = {
			isa = PBXVariantGroup;
			children = (
				EACF8EDC212C2AB4003AEF61 /* Base */,
			);
			name = LaunchScreen.storyboard;
			sourceTree = "<group>";
		};
/* End PBXVariantGroup section */

/* Begin XCBuildConfiguration section */
		EACF8EDF212C2AB4003AEF61 /* Debug */ = {
			isa = XCBuildConfiguration;
			buildSettings = {
				ALWAYS_SEARCH_USER_PATHS = NO;
				CLANG_ANALYZER_NONNULL = YES;
				CLANG_ANALYZER_NUMBER_OBJECT_CONVERSION = YES_AGGRESSIVE;
				CLANG_CXX_LANGUAGE_STANDARD = "gnu++14";
				CLANG_CXX_LIBRARY = "libc++";
				CLANG_ENABLE_MODULES = YES;
				CLANG_ENABLE_OBJC_ARC = YES;
				CLANG_ENABLE_OBJC_WEAK = YES;
				CLANG_WARN_BLOCK_CAPTURE_AUTORELEASING = YES;
				CLANG_WARN_BOOL_CONVERSION = YES;
				CLANG_WARN_COMMA = YES;
				CLANG_WARN_CONSTANT_CONVERSION = YES;
				CLANG_WARN_DEPRECATED_OBJC_IMPLEMENTATIONS = YES;
				CLANG_WARN_DIRECT_OBJC_ISA_USAGE = YES_ERROR;
				CLANG_WARN_DOCUMENTATION_COMMENTS = YES;
				CLANG_WARN_EMPTY_BODY = YES;
				CLANG_WARN_ENUM_CONVERSION = YES;
				CLANG_WARN_INFINITE_RECURSION = YES;
				CLANG_WARN_INT_CONVERSION = YES;
				CLANG_WARN_NON_LITERAL_NULL_CONVERSION = YES;
				CLANG_WARN_OBJC_IMPLICIT_RETAIN_SELF = YES;
				CLANG_WARN_OBJC_LITERAL_CONVERSION = YES;
				CLANG_WARN_OBJC_ROOT_CLASS = YES_ERROR;
				CLANG_WARN_RANGE_LOOP_ANALYSIS = YES;
				CLANG_WARN_STRICT_PROTOTYPES = YES;
				CLANG_WARN_SUSPICIOUS_MOVE = YES;
				CLANG_WARN_UNGUARDED_AVAILABILITY = YES_AGGRESSIVE;
				CLANG_WARN_UNREACHABLE_CODE = YES;
				CLANG_WARN__DUPLICATE_METHOD_MATCH = YES;
				CODE_SIGN_IDENTITY = "iPhone Developer";
				COPY_PHASE_STRIP = NO;
				DEBUG_INFORMATION_FORMAT = dwarf;
				ENABLE_STRICT_OBJC_MSGSEND = YES;
				ENABLE_TESTABILITY = YES;
				GCC_C_LANGUAGE_STANDARD = gnu11;
				GCC_DYNAMIC_NO_PIC = NO;
				GCC_NO_COMMON_BLOCKS = YES;
				GCC_OPTIMIZATION_LEVEL = 0;
				GCC_PREPROCESSOR_DEFINITIONS = (
					"DEBUG=1",
					"$(inherited)",
				);
				GCC_WARN_64_TO_32_BIT_CONVERSION = YES;
				GCC_WARN_ABOUT_RETURN_TYPE = YES_ERROR;
				GCC_WARN_UNDECLARED_SELECTOR = YES;
				GCC_WARN_UNINITIALIZED_AUTOS = YES_AGGRESSIVE;
				GCC_WARN_UNUSED_FUNCTION = YES;
				GCC_WARN_UNUSED_VARIABLE = YES;
				IPHONEOS_DEPLOYMENT_TARGET = 11.4;
				MTL_ENABLE_DEBUG_INFO = YES;
				ONLY_ACTIVE_ARCH = YES;
				SDKROOT = iphoneos;
				SWIFT_ACTIVE_COMPILATION_CONDITIONS = DEBUG;
				SWIFT_OPTIMIZATION_LEVEL = "-Onone";
			};
			name = Debug;
		};
		EACF8EE0212C2AB4003AEF61 /* Release */ = {
			isa = XCBuildConfiguration;
			buildSettings = {
				ALWAYS_SEARCH_USER_PATHS = NO;
				CLANG_ANALYZER_NONNULL = YES;
				CLANG_ANALYZER_NUMBER_OBJECT_CONVERSION = YES_AGGRESSIVE;
				CLANG_CXX_LANGUAGE_STANDARD = "gnu++14";
				CLANG_CXX_LIBRARY = "libc++";
				CLANG_ENABLE_MODULES = YES;
				CLANG_ENABLE_OBJC_ARC = YES;
				CLANG_ENABLE_OBJC_WEAK = YES;
				CLANG_WARN_BLOCK_CAPTURE_AUTORELEASING = YES;
				CLANG_WARN_BOOL_CONVERSION = YES;
				CLANG_WARN_COMMA = YES;
				CLANG_WARN_CONSTANT_CONVERSION = YES;
				CLANG_WARN_DEPRECATED_OBJC_IMPLEMENTATIONS = YES;
				CLANG_WARN_DIRECT_OBJC_ISA_USAGE = YES_ERROR;
				CLANG_WARN_DOCUMENTATION_COMMENTS = YES;
				CLANG_WARN_EMPTY_BODY = YES;
				CLANG_WARN_ENUM_CONVERSION = YES;
				CLANG_WARN_INFINITE_RECURSION = YES;
				CLANG_WARN_INT_CONVERSION = YES;
				CLANG_WARN_NON_LITERAL_NULL_CONVERSION = YES;
				CLANG_WARN_OBJC_IMPLICIT_RETAIN_SELF = YES;
				CLANG_WARN_OBJC_LITERAL_CONVERSION = YES;
				CLANG_WARN_OBJC_ROOT_CLASS = YES_ERROR;
				CLANG_WARN_RANGE_LOOP_ANALYSIS = YES;
				CLANG_WARN_STRICT_PROTOTYPES = YES;
				CLANG_WARN_SUSPICIOUS_MOVE = YES;
				CLANG_WARN_UNGUARDED_AVAILABILITY = YES_AGGRESSIVE;
				CLANG_WARN_UNREACHABLE_CODE = YES;
				CLANG_WARN__DUPLICATE_METHOD_MATCH = YES;
				CODE_SIGN_IDENTITY = "iPhone Developer";
				COPY_PHASE_STRIP = NO;
				DEBUG_INFORMATION_FORMAT = "dwarf-with-dsym";
				ENABLE_NS_ASSERTIONS = NO;
				ENABLE_STRICT_OBJC_MSGSEND = YES;
				GCC_C_LANGUAGE_STANDARD = gnu11;
				GCC_NO_COMMON_BLOCKS = YES;
				GCC_WARN_64_TO_32_BIT_CONVERSION = YES;
				GCC_WARN_ABOUT_RETURN_TYPE = YES_ERROR;
				GCC_WARN_UNDECLARED_SELECTOR = YES;
				GCC_WARN_UNINITIALIZED_AUTOS = YES_AGGRESSIVE;
				GCC_WARN_UNUSED_FUNCTION = YES;
				GCC_WARN_UNUSED_VARIABLE = YES;
				IPHONEOS_DEPLOYMENT_TARGET = 11.4;
				MTL_ENABLE_DEBUG_INFO = NO;
				SDKROOT = iphoneos;
				SWIFT_COMPILATION_MODE = wholemodule;
				SWIFT_OPTIMIZATION_LEVEL = "-O";
				VALIDATE_PRODUCT = YES;
			};
			name = Release;
		};
		EACF8EE2212C2AB4003AEF61 /* Debug */ = {
			isa = XCBuildConfiguration;
			buildSettings = {
				ASSETCATALOG_COMPILER_APPICON_NAME = AppIcon;
				CODE_SIGN_STYLE = Automatic;
				DEVELOPMENT_TEAM = UJ6PLG58NE;
				INFOPLIST_FILE = weatherApp/Info.plist;
				LD_RUNPATH_SEARCH_PATHS = (
					"$(inherited)",
					"@executable_path/Frameworks",
				);
				PRODUCT_BUNDLE_IDENTIFIER = com..weatherApp;
				PRODUCT_NAME = "$(TARGET_NAME)";
				SWIFT_VERSION = 4.0;
				TARGETED_DEVICE_FAMILY = "1,2";
			};
			name = Debug;
		};
		EACF8EE3212C2AB4003AEF61 /* Release */ = {
			isa = XCBuildConfiguration;
			buildSettings = {
				ASSETCATALOG_COMPILER_APPICON_NAME = AppIcon;
				CODE_SIGN_STYLE = Automatic;
				DEVELOPMENT_TEAM = UJ6PLG58NE;
				INFOPLIST_FILE = weatherApp/Info.plist;
				LD_RUNPATH_SEARCH_PATHS = (
					"$(inherited)",
					"@executable_path/Frameworks",
				);
				PRODUCT_BUNDLE_IDENTIFIER = com..weatherApp;
				PRODUCT_NAME = "$(TARGET_NAME)";
				SWIFT_VERSION = 4.0;
				TARGETED_DEVICE_FAMILY = "1,2";
			};
			name = Release;
		};
/* End XCBuildConfiguration section */

/* Begin XCConfigurationList section */
		EACF8ECA212C2AB3003AEF61 /* Build configuration list for PBXProject "weatherApp" */ = {
			isa = XCConfigurationList;
			buildConfigurations = (
				EACF8EDF212C2AB4003AEF61 /* Debug */,
				EACF8EE0212C2AB4003AEF61 /* Release */,
			);
			defaultConfigurationIsVisible = 0;
			defaultConfigurationName = Release;
		};
		EACF8EE1212C2AB4003AEF61 /* Build configuration list for PBXNativeTarget "weatherApp" */ = {
			isa = XCConfigurationList;
			buildConfigurations = (
				EACF8EE2212C2AB4003AEF61 /* Debug */,
				EACF8EE3212C2AB4003AEF61 /* Release */,
			);
			defaultConfigurationIsVisible = 0;
			defaultConfigurationName = Release;
		};
/* End XCConfigurationList section */

/* Begin XCVersionGroup section */
		EA1685EA212EC669002FC8A4 /* DataModel.xcdatamodeld */ = {
			isa = XCVersionGroup;
			children = (
				EA3E078B212FEE7D008D06E3 /* DataModel2.xcdatamodel */,
				EA1685EB212EC669002FC8A4 /* DataModel.xcdatamodel */,
			);
			currentVersion = EA3E078B212FEE7D008D06E3 /* DataModel2.xcdatamodel */;
			path = DataModel.xcdatamodeld;
			sourceTree = "<group>";
			versionGroupType = wrapper.xcdatamodel;
		};
/* End XCVersionGroup section */
	};
	rootObject = EACF8EC7212C2AB3003AEF61 /* Project object */;
}
